PODS:
  - Flutter (1.0.0)
  - flutter_star_prnt_plus (0.0.3):
    - Flutter

DEPENDENCIES:
  - Flutter (from `Flutter`)
  - flutter_star_prnt_plus (from `.symlinks/plugins/flutter_star_prnt_plus/ios`)

EXTERNAL SOURCES:
  Flutter:
    :path: Flutter
  flutter_star_prnt_plus:
    :path: ".symlinks/plugins/flutter_star_prnt_plus/ios"

SPEC CHECKSUMS:
  Flutter: cabc95a1d2626b1b06e7179b784ebcf0c0cde467
  flutter_star_prnt_plus: 0da57083abe8c1ef7d3c834233187b7d21362004

PODFILE CHECKSUM: 4e81e7425a38034f1308c8d65657c616aea462d3

COCOAPODS: 1.16.2
